
Microsoft Visual Studio Solution File, Format Version 12.00
# Visual Studio 15
VisualStudioVersion = 15.0.27130.0
MinimumVisualStudioVersion = 10.0.40219.1
Project("{9092AA53-FB77-4645-B42D-1CCCA6BD08BD}") = "StammdatenbereitstellungTdoT", "StammdatenbereitstellungTdoT.njsproj", "{F7AF3E57-B028-49BB-9E08-6840FDBBD6F9}"
EndProject
Global
	GlobalSection(SolutionConfigurationPlatforms) = preSolution
		Debug|Any CPU = Debug|Any CPU
		Release|Any CPU = Release|Any CPU
	EndGlobalSection
	GlobalSection(ProjectConfigurationPlatforms) = postSolution
		{F7AF3E57-B028-49BB-9E08-6840FDBBD6F9}.Debug|Any CPU.ActiveCfg = Debug|Any CPU
		{F7AF3E57-B028-49BB-9E08-6840FDBBD6F9}.Debug|Any CPU.Build.0 = Debug|Any CPU
		{F7AF3E57-B028-49BB-9E08-6840FDBBD6F9}.Release|Any CPU.ActiveCfg = Release|Any CPU
		{F7AF3E57-B028-49BB-9E08-6840FDBBD6F9}.Release|Any CPU.Build.0 = Release|Any CPU
	EndGlobalSection
	GlobalSection(SolutionProperties) = preSolution
		HideSolutionNode = FALSE
	EndGlobalSection
	GlobalSection(ExtensibilityGlobals) = postSolution
		SolutionGuid = {2189C647-ED8A-4EFC-A104-7E2B1F491E05}
	EndGlobalSection
EndGlobal
